github.com/cockroachdb/datadriven v1.0.2 h1:H9MtNqVoVhvd9nCBwOyDjUEdZCREqbIdCJD93PBm/jA=
github.com/cockroachdb/datadriven v1.0.2/go.mod h1:a9RdTaap04u637JoCzcUoIcDmvwSUtcUFtT/C3kJlTU=
github.com/pmezard/go-difflib v1.0.0 h1:4DBwDE0NGyQoBHbLQYPwSUPoCMWR5BEzIk/f1lZbAQM=
github.com/pmezard/go-difflib v1.0.0/go.mod h1:iKH77koFhYxTK1pcRnkKkqfTogsbg7gZNVY4sRDYZ/4=
